{
  "pins" : [
    {
      "identity" : "swift-tracing",
      "kind" : "remoteSourceControl",
      "location" : "https://github.com/grdsdev/swift-tracing.git",
      "state" : {
        "revision" : "a9799c0e6988a3bd011a38c87b90180175142f97",
        "version" : "0.1.0"
      }
    }
  ],
  "version" : 2
}
